
Microsoft Visual Studio Solution File, Format Version 12.00
# Visual Studio Version 17
VisualStudioVersion = 17.6.33801.468
MinimumVisualStudioVersion = 10.0.40219.1
Project("{FAE04EC0-301F-11D3-BF4B-00C04F79EFBC}") = "Ejercicio 1 recibir nombre e imprimirlo", "Ejercicio 1 recibir nombre e imprimirlo.csproj", "{B9A897D2-0E4A-4382-9145-F1A48C0EAA6C}"
EndProject
Global
	GlobalSection(SolutionConfigurationPlatforms) = preSolution
		Debug|Any CPU = Debug|Any CPU
		Release|Any CPU = Release|Any CPU
	EndGlobalSection
	GlobalSection(ProjectConfigurationPlatforms) = postSolution
		{B9A897D2-0E4A-4382-9145-F1A48C0EAA6C}.Debug|Any CPU.ActiveCfg = Debug|Any CPU
		{B9A897D2-0E4A-4382-9145-F1A48C0EAA6C}.Debug|Any CPU.Build.0 = Debug|Any CPU
		{B9A897D2-0E4A-4382-9145-F1A48C0EAA6C}.Release|Any CPU.ActiveCfg = Release|Any CPU
		{B9A897D2-0E4A-4382-9145-F1A48C0EAA6C}.Release|Any CPU.Build.0 = Release|Any CPU
	EndGlobalSection
	GlobalSection(SolutionProperties) = preSolution
		HideSolutionNode = FALSE
	EndGlobalSection
	GlobalSection(ExtensibilityGlobals) = postSolution
		SolutionGuid = {C234CCDC-BA77-4E70-8773-BC0589D41FF4}
	EndGlobalSection
EndGlobal
